
Microsoft Visual Studio Solution File, Format Version 12.00
# Visual Studio Version 16
VisualStudioVersion = 16.0.30907.101
MinimumVisualStudioVersion = 10.0.40219.1
Project("{FAE04EC0-301F-11D3-BF4B-00C04F79EFBC}") = "TamaguchiClient", "TamaguchiClient\TamaguchiClient.csproj", "{162C2949-3F96-468F-9335-DFBA020CDD8B}"
EndProject
Global
	GlobalSection(SolutionConfigurationPlatforms) = preSolution
		Debug|Any CPU = Debug|Any CPU
		Release|Any CPU = Release|Any CPU
	EndGlobalSection
	GlobalSection(ProjectConfigurationPlatforms) = postSolution
		{162C2949-3F96-468F-9335-DFBA020CDD8B}.Debug|Any CPU.ActiveCfg = Debug|Any CPU
		{162C2949-3F96-468F-9335-DFBA020CDD8B}.Debug|Any CPU.Build.0 = Debug|Any CPU
		{162C2949-3F96-468F-9335-DFBA020CDD8B}.Release|Any CPU.ActiveCfg = Release|Any CPU
		{162C2949-3F96-468F-9335-DFBA020CDD8B}.Release|Any CPU.Build.0 = Release|Any CPU
	EndGlobalSection
	GlobalSection(SolutionProperties) = preSolution
		HideSolutionNode = FALSE
	EndGlobalSection
	GlobalSection(ExtensibilityGlobals) = postSolution
		SolutionGuid = {978B17C6-AD8C-4410-8C8B-7B87FB22440B}
	EndGlobalSection
EndGlobal
